PODS:
  - AWSAuthCore (2.9.10):
    - AWSCore (= 2.9.10)
  - AWSCognito (2.9.10):
    - AWSCore (= 2.9.10)
  - AWSCognitoIdentityProvider (2.9.10):
    - AWSCognitoIdentityProviderASF (= 1.0.1)
    - AWSCore (= 2.9.10)
  - AWSCognitoIdentityProviderASF (1.0.1)
  - AWSCore (2.9.10)
  - AWSMobileClient (2.9.10):
    - AWSAuthCore (= 2.9.10)
    - AWSCognitoIdentityProvider (= 2.9.10)
  - Flutter (1.0.0)
  - flutter_aws_plugin (0.0.1):
    - AWSCognito
    - AWSCognitoIdentityProvider
    - AWSMobileClient
    - Flutter

DEPENDENCIES:
  - Flutter (from `.symlinks/flutter/ios`)
  - flutter_aws_plugin (from `.symlinks/plugins/flutter_aws_plugin/ios`)

SPEC REPOS:
  https://github.com/cocoapods/specs.git:
    - AWSAuthCore
    - AWSCognito
    - AWSCognitoIdentityProvider
    - AWSCognitoIdentityProviderASF
    - AWSCore
    - AWSMobileClient

EXTERNAL SOURCES:
  Flutter:
    :path: ".symlinks/flutter/ios"
  flutter_aws_plugin:
    :path: ".symlinks/plugins/flutter_aws_plugin/ios"

SPEC CHECKSUMS:
  AWSAuthCore: d6d222a7eeae403f968afb5b9b3975bd96340d91
  AWSCognito: 1dd5b0e1d9e0706f9757ccce7c6fad9dc1d25ddb
  AWSCognitoIdentityProvider: 5e72467f174a970e9d357fc06666e3f32e6eda70
  AWSCognitoIdentityProviderASF: f94f1a502e72ef3d0a1de93e10bf7a79c8698118
  AWSCore: 22b6bbc6761ca9981d878155d11bc02edd681a64
  AWSMobileClient: a0768be5b34a5a2eb39fd3fcd5d4f14125d4ebbb
  Flutter: 4957b398471897128f10e75fb106010e0c94676e
  flutter_aws_plugin: e7524fc17e9674b42f04fab2435d26d416f117f6

PODFILE CHECKSUM: ebd43b443038e611b86ede96e613bd6033c49497

COCOAPODS: 1.5.3
